#MicroXplorer Configuration settings - do not modify
Mcu.Family=STM32F7
ProjectManager.MainLocation=Core/Src
RCC.USART1Freq_Value=108000000
VP_SYS_VS_tim6.Mode=TIM6
RCC.SAI1Freq_Value=96000000
RCC.CortexFreq_Value=216000000
ProjectManager.KeepUserCode=true
Mcu.UserName=STM32F756ZGTx
CORTEX_M7.BaseAddress-Cortex_Memory_Protection_Unit_Region3_Settings=0x90000000
NVIC.TIM6_DAC_IRQn=true\:0\:0\:false\:false\:true\:false\:false\:true
RCC.PLLCLKFreq_Value=216000000
RCC.PLLQCLKFreq_Value=216000000
CORTEX_M7.TypeExtField-Cortex_Memory_Protection_Unit_Region0_Settings=MPU_TEX_LEVEL1
ProjectManager.functionlistsort=1-MX_GPIO_Init-GPIO-false-HAL-true,2-SystemClock_Config-RCC-false-HAL-false,3-MX_LWIP_Init-LWIP-false-HAL-false,4-MX_USART3_UART_Init-USART3-false-HAL-true,0-MX_CORTEX_M7_Init-CORTEX_M7-false-HAL-true
CORTEX_M7.PREFETCH_ENABLE=1
CORTEX_M7.AccessPermission-Cortex_Memory_Protection_Unit_Region2_Settings=MPU_REGION_FULL_ACCESS
PB0.GPIO_Label=LED
RCC.PLLI2SRCLKFreq_Value=96000000
RCC.USART2Freq_Value=54000000
PC5.Mode=RMII
PB13.Signal=ETH_TXD1
PG13.Signal=ETH_TXD0
PinOutPanel.RotationAngle=0
PG11.Signal=ETH_TX_EN
CORTEX_M7.IsBufferable-Cortex_Memory_Protection_Unit_Region3_Settings=MPU_ACCESS_BUFFERABLE
RCC.SYSCLKSource=RCC_SYSCLKSOURCE_PLLCLK
ProjectManager.StackSize=0x400
VP_FREERTOS_VS_CMSIS_V2.Mode=CMSIS_V2
LWIP.NETMASK_ADDRESS=255.255.255.000
RCC.I2C3Freq_Value=54000000
RCC.LPTIM1Freq_Value=54000000
Mcu.IP4=NVIC
Mcu.IP5=RCC
RCC.FCLKCortexFreq_Value=216000000
Mcu.IP2=FREERTOS
NVIC.SVCall_IRQn=true\:0\:0\:false\:false\:false\:false\:false\:false
Mcu.IP3=LWIP
Mcu.IP0=CORTEX_M7
CORTEX_M7.Enable-Cortex_Memory_Protection_Unit_Region0_Settings=MPU_REGION_ENABLE
Mcu.IP1=ETH
Mcu.UserConstants=
RCC.SDMMCFreq_Value=216000000
LWIP.IPParameters=LWIP_DHCP,IP_ADDRESS,NETMASK_ADDRESS,GATEWAY_ADDRESS,MEM_SIZE
PB0.PinState=GPIO_PIN_RESET
Mcu.ThirdPartyNb=0
PH0/OSC_IN.Mode=HSE-External-Oscillator
RCC.HCLKFreq_Value=216000000
RCC.I2C4Freq_Value=54000000
Mcu.IPNb=7
RCC.PLLI2SRoutputFreq_Value=96000000
ProjectManager.PreviousToolchain=
RCC.APB2TimFreq_Value=216000000
RCC.SPDIFRXFreq_Value=96000000
PH1/OSC_OUT.Signal=RCC_OSC_OUT
Mcu.Pin6=PC4
RCC.SAI2Freq_Value=96000000
Mcu.Pin7=PC5
Mcu.Pin8=PB0
Mcu.Pin9=PB13
RCC.VCOSAIOutputFreq_Value=192000000
FREERTOS.IPParameters=Tasks01,configUSE_NEWLIB_REENTRANT,FootprintOK
RCC.AHBFreq_Value=216000000
PB13.Locked=true
Mcu.Pin0=PH0/OSC_IN
Mcu.Pin1=PH1/OSC_OUT
NVIC.ETH_IRQn=true\:5\:0\:false\:false\:true\:true\:true\:true
GPIO.groupedBy=Show All
Mcu.Pin2=PC1
Mcu.Pin3=PA1
RCC.USART3Freq_Value=54000000
Mcu.Pin4=PA2
Mcu.Pin5=PA7
RCC.PLLSAIRCLKFreq_Value=96000000
ProjectManager.ProjectBuild=false
RCC.HSE_VALUE=25000000
PG13.Locked=true
NVIC.UsageFault_IRQn=true\:0\:0\:false\:false\:true\:false\:false\:false
NVIC.DebugMonitor_IRQn=true\:0\:0\:false\:false\:true\:false\:false\:false
CORTEX_M7.Size-Cortex_Memory_Protection_Unit_Region2_Settings=MPU_REGION_SIZE_16MB
NVIC.SysTick_IRQn=true\:15\:0\:false\:false\:false\:true\:false\:true
ProjectManager.FirmwarePackage=STM32Cube FW_F7 V1.16.2
MxDb.Version=DB.6.0.21
CORTEX_M7.IsCacheable-Cortex_Memory_Protection_Unit_Region2_Settings=MPU_ACCESS_CACHEABLE
PB0.GPIOParameters=PinState,GPIO_PuPd,GPIO_Label
LWIP.MEM_SIZE=10*1024
ProjectManager.BackupPrevious=false
RCC.VCOInputFreq_Value=1000000
File.Version=6
PG13.Mode=RMII
NVIC.PendSV_IRQn=true\:15\:0\:false\:false\:false\:true\:false\:false
PH1/OSC_OUT.Mode=HSE-External-Oscillator
CORTEX_M7.DisableExec-Cortex_Memory_Protection_Unit_Region0_Settings=MPU_INSTRUCTION_ACCESS_DISABLE
ProjectManager.HalAssertFull=false
PB0.Locked=true
ProjectManager.ProjectName=ETH_TCP
CORTEX_M7.DisableExec-Cortex_Memory_Protection_Unit_Region1_Settings=MPU_INSTRUCTION_ACCESS_DISABLE
RCC.MCO2PinFreq_Value=216000000
Mcu.Package=LQFP144
FREERTOS.configUSE_NEWLIB_REENTRANT=1
NVIC.TimeBase=TIM6_DAC_IRQn
PG11.Locked=true
CORTEX_M7.BaseAddress-Cortex_Memory_Protection_Unit_Region1_Settings=0x90000000
ProjectManager.ToolChainLocation=
RCC.LSI_VALUE=32000
NVIC.TimeBaseIP=TIM6
FREERTOS.FootprintOK=true
CORTEX_M7.Size-Cortex_Memory_Protection_Unit_Region1_Settings=MPU_REGION_SIZE_512MB
RCC.APB2CLKDivider=RCC_HCLK_DIV2
RCC.CECFreq_Value=32786.88524590164
RCC.APB1TimFreq_Value=108000000
CORTEX_M7.Enable-Cortex_Memory_Protection_Unit_Region1_Settings=MPU_REGION_ENABLE
NVIC.BusFault_IRQn=true\:0\:0\:false\:false\:true\:false\:false\:false
PC5.Signal=ETH_RXD1
PB13.Mode=RMII
ProjectManager.CustomerFirmwarePackage=
VP_LWIP_VS_Enabled.Signal=LWIP_VS_Enabled
PC4.Mode=RMII
RCC.PLLSAIQCLKFreq_Value=96000000
LWIP.IP_ADDRESS=192.168.002.040
RCC.PLLSourceVirtual=RCC_PLLSOURCE_HSE
CORTEX_M7.AccessPermission-Cortex_Memory_Protection_Unit_Region3_Settings=MPU_REGION_FULL_ACCESS
RCC.I2SFreq_Value=96000000
RCC.PLLQoutputFreq_Value=216000000
ProjectManager.ProjectFileName=ETH_TCP.ioc
CORTEX_M7.CPU_ICache=Enabled
FREERTOS.Tasks01=defaultTask,24,1024,StartDefaultTask,Default,NULL,Dynamic,NULL,NULL
PA7.Mode=RMII
RCC.UART7Freq_Value=54000000
Mcu.PinsNb=15
ProjectManager.NoMain=false
NVIC.SavedSvcallIrqHandlerGenerated=true
CORTEX_M7.IsBufferable-Cortex_Memory_Protection_Unit_Region2_Settings=MPU_ACCESS_BUFFERABLE
PC4.Signal=ETH_RXD0
ProjectManager.DefaultFWLocation=true
LWIP.LWIP_DHCP=0
ProjectManager.DeletePrevious=true
RCC.UART8Freq_Value=54000000
RCC.APB1CLKDivider=RCC_HCLK_DIV4
RCC.LCDTFToutputFreq_Value=48000000
ETH.PhyAddress=0
CORTEX_M7.BaseAddress-Cortex_Memory_Protection_Unit_Region2_Settings=0x90000000
RCC.FamilyName=M
VP_LWIP_VS_Enabled.Mode=Enabled
LWIP.GATEWAY_ADDRESS=192.168.002.254
ETH.IPParameters=MediaInterface,PhyAddress
CORTEX_M7.MPU_Control=MPU_PRIVILEGED_DEFAULT
ProjectManager.TargetToolchain=STM32CubeIDE
RCC.USART6Freq_Value=108000000
CORTEX_M7.IsCacheable-Cortex_Memory_Protection_Unit_Region3_Settings=MPU_ACCESS_CACHEABLE
CORTEX_M7.BaseAddress-Cortex_Memory_Protection_Unit_Region0_Settings=0x20010000
ProjectManager.RegisterCallBack=
RCC.USBFreq_Value=216000000
RCC.PLLSAIoutputFreq_Value=96000000
RCC.LSE_VALUE=32768
PA1.Signal=ETH_REF_CLK
RCC.VCOI2SOutputFreq_Value=192000000
CORTEX_M7.Enable-Cortex_Memory_Protection_Unit_Region2_Settings=MPU_REGION_ENABLE
RCC.PLLSAIPCLKFreq_Value=96000000
board=custom
RCC.VCOOutputFreq_Value=432000000
ProjectManager.LastFirmware=true
PH0/OSC_IN.Signal=RCC_OSC_IN
VP_SYS_VS_tim6.Signal=SYS_VS_tim6
NVIC.SavedSystickIrqHandlerGenerated=true
RCC.APB2Freq_Value=108000000
PA1.Mode=RMII
RCC.UART4Freq_Value=54000000
MxCube.Version=6.2.1
RCC.I2C1Freq_Value=54000000
RCC.PLLI2SPCLKFreq_Value=96000000
RCC.RNGFreq_Value=216000000
CORTEX_M7.IsShareable-Cortex_Memory_Protection_Unit_Region0_Settings=MPU_ACCESS_SHAREABLE
RCC.EthernetFreq_Value=216000000
CORTEX_M7.AccessPermission-Cortex_Memory_Protection_Unit_Region0_Settings=MPU_REGION_FULL_ACCESS
NVIC.NonMaskableInt_IRQn=true\:0\:0\:false\:false\:true\:false\:false\:false
RCC.UART5Freq_Value=54000000
ProjectManager.FreePins=false
RCC.IPParameters=AHBFreq_Value,APB1CLKDivider,APB1Freq_Value,APB1TimFreq_Value,APB2CLKDivider,APB2Freq_Value,APB2TimFreq_Value,CECFreq_Value,CortexFreq_Value,EthernetFreq_Value,FCLKCortexFreq_Value,FamilyName,HCLKFreq_Value,HSE_VALUE,HSI_VALUE,I2C1Freq_Value,I2C2Freq_Value,I2C3Freq_Value,I2C4Freq_Value,I2SFreq_Value,LCDTFToutputFreq_Value,LPTIM1Freq_Value,LSE_VALUE,LSI_VALUE,MCO2PinFreq_Value,PLLCLKFreq_Value,PLLI2SPCLKFreq_Value,PLLI2SQCLKFreq_Value,PLLI2SRCLKFreq_Value,PLLI2SRoutputFreq_Value,PLLM,PLLN,PLLQCLKFreq_Value,PLLQoutputFreq_Value,PLLSAIPCLKFreq_Value,PLLSAIQCLKFreq_Value,PLLSAIRCLKFreq_Value,PLLSAIoutputFreq_Value,PLLSourceVirtual,RNGFreq_Value,SAI1Freq_Value,SAI2Freq_Value,SDMMCFreq_Value,SPDIFRXFreq_Value,SYSCLKFreq_VALUE,SYSCLKSource,UART4Freq_Value,UART5Freq_Value,UART7Freq_Value,UART8Freq_Value,USART1Freq_Value,USART2Freq_Value,USART3Freq_Value,USART6Freq_Value,USBFreq_Value,VCOI2SOutputFreq_Value,VCOInputFreq_Value,VCOOutputFreq_Value,VCOSAIOutputFreq_Value
ProjectManager.AskForMigrate=true
Mcu.Name=STM32F756ZGTx
RCC.PLLI2SQCLKFreq_Value=96000000
CORTEX_M7.Size-Cortex_Memory_Protection_Unit_Region0_Settings=MPU_REGION_SIZE_16KB
NVIC.SavedPendsvIrqHandlerGenerated=true
PA2.Signal=ETH_MDIO
ProjectManager.UnderRoot=true
CORTEX_M7.IPParameters=CPU_ICache,CPU_DCache,MPU_Control,Enable-Cortex_Memory_Protection_Unit_Region0_Settings,PREFETCH_ENABLE,BaseAddress-Cortex_Memory_Protection_Unit_Region0_Settings,Size-Cortex_Memory_Protection_Unit_Region0_Settings,TypeExtField-Cortex_Memory_Protection_Unit_Region0_Settings,AccessPermission-Cortex_Memory_Protection_Unit_Region0_Settings,DisableExec-Cortex_Memory_Protection_Unit_Region0_Settings,IsShareable-Cortex_Memory_Protection_Unit_Region0_Settings,Enable-Cortex_Memory_Protection_Unit_Region1_Settings,Size-Cortex_Memory_Protection_Unit_Region1_Settings,BaseAddress-Cortex_Memory_Protection_Unit_Region1_Settings,DisableExec-Cortex_Memory_Protection_Unit_Region1_Settings,Enable-Cortex_Memory_Protection_Unit_Region2_Settings,BaseAddress-Cortex_Memory_Protection_Unit_Region2_Settings,Size-Cortex_Memory_Protection_Unit_Region2_Settings,DisableExec-Cortex_Memory_Protection_Unit_Region2_Settings,IsCacheable-Cortex_Memory_Protection_Unit_Region2_Settings,IsBufferable-Cortex_Memory_Protection_Unit_Region2_Settings,Enable-Cortex_Memory_Protection_Unit_Region3_Settings,BaseAddress-Cortex_Memory_Protection_Unit_Region3_Settings,Size-Cortex_Memory_Protection_Unit_Region3_Settings,AccessPermission-Cortex_Memory_Protection_Unit_Region3_Settings,IsCacheable-Cortex_Memory_Protection_Unit_Region3_Settings,IsBufferable-Cortex_Memory_Protection_Unit_Region3_Settings,AccessPermission-Cortex_Memory_Protection_Unit_Region2_Settings
VP_FREERTOS_VS_CMSIS_V2.Signal=FREERTOS_VS_CMSIS_V2
Mcu.IP6=SYS
ProjectManager.CoupleFile=false
RCC.SYSCLKFreq_VALUE=216000000
ETH.MediaInterface=ETH_MEDIA_INTERFACE_RMII
NVIC.ForceEnableDMAVector=true
KeepUserPlacement=false
NVIC.MemoryManagement_IRQn=true\:0\:0\:false\:false\:true\:false\:false\:false
ProjectManager.CompilerOptimize=6
PG11.Mode=RMII
ProjectManager.HeapSize=0x200
NVIC.HardFault_IRQn=true\:0\:0\:false\:false\:true\:false\:false\:false
LWIP.Version=v2.1.2_Cube
Mcu.Pin13=VP_LWIP_VS_Enabled
Mcu.Pin14=VP_SYS_VS_tim6
CORTEX_M7.Enable-Cortex_Memory_Protection_Unit_Region3_Settings=MPU_REGION_ENABLE
CORTEX_M7.Size-Cortex_Memory_Protection_Unit_Region3_Settings=MPU_REGION_SIZE_1MB
ProjectManager.ComputerToolchain=false
RCC.HSI_VALUE=16000000
CORTEX_M7.DisableExec-Cortex_Memory_Protection_Unit_Region2_Settings=MPU_INSTRUCTION_ACCESS_DISABLE
NVIC.PriorityGroup=NVIC_PRIORITYGROUP_4
Mcu.Pin11=PG13
Mcu.Pin12=VP_FREERTOS_VS_CMSIS_V2
RCC.PLLM=25
RCC.PLLN=432
Mcu.Pin10=PG11
PA2.Mode=RMII
CORTEX_M7.CPU_DCache=Enabled
RCC.I2C2Freq_Value=54000000
RCC.APB1Freq_Value=54000000
PB0.Signal=GPIO_Output
ProjectManager.DeviceId=STM32F756ZGTx
PC1.Signal=ETH_MDC
ProjectManager.LibraryCopy=1
PB0.GPIO_PuPd=GPIO_NOPULL
PC1.Mode=RMII
PA7.Signal=ETH_CRS_DV
isbadioc=false
